
Microsoft Visual Studio Solution File, Format Version 12.00
# Visual Studio 14
VisualStudioVersion = 14.0.25420.1
MinimumVisualStudioVersion = 10.0.40219.1
Project("{F184B08F-C81C-45F6-A57F-5ABD9991F28F}") = "Penny_A_Day", "Penny_A_Day\Penny_A_Day\Penny_A_Day.vbproj", "{B4924112-21AA-4D99-936E-62A0DF77B367}"
EndProject
Project("{F184B08F-C81C-45F6-A57F-5ABD9991F28F}") = "Fields", "Penny_A_Day\Fields\Fields.vbproj", "{31629277-EBAB-4A32-874E-6C1764604839}"
EndProject
Global
	GlobalSection(SolutionConfigurationPlatforms) = preSolution
		Debug|Any CPU = Debug|Any CPU
		Release|Any CPU = Release|Any CPU
	EndGlobalSection
	GlobalSection(ProjectConfigurationPlatforms) = postSolution
		{B4924112-21AA-4D99-936E-62A0DF77B367}.Debug|Any CPU.ActiveCfg = Debug|Any CPU
		{B4924112-21AA-4D99-936E-62A0DF77B367}.Debug|Any CPU.Build.0 = Debug|Any CPU
		{B4924112-21AA-4D99-936E-62A0DF77B367}.Release|Any CPU.ActiveCfg = Release|Any CPU
		{B4924112-21AA-4D99-936E-62A0DF77B367}.Release|Any CPU.Build.0 = Release|Any CPU
		{31629277-EBAB-4A32-874E-6C1764604839}.Debug|Any CPU.ActiveCfg = Debug|Any CPU
		{31629277-EBAB-4A32-874E-6C1764604839}.Debug|Any CPU.Build.0 = Debug|Any CPU
		{31629277-EBAB-4A32-874E-6C1764604839}.Release|Any CPU.ActiveCfg = Release|Any CPU
		{31629277-EBAB-4A32-874E-6C1764604839}.Release|Any CPU.Build.0 = Release|Any CPU
	EndGlobalSection
	GlobalSection(SolutionProperties) = preSolution
		HideSolutionNode = FALSE
	EndGlobalSection
EndGlobal
